
Microsoft Visual Studio Solution File, Format Version 12.00
# Visual Studio Version 17
VisualStudioVersion = 17.11.35312.102
MinimumVisualStudioVersion = 10.0.40219.1
Project("{FAE04EC0-301F-11D3-BF4B-00C04F79EFBC}") = "WebApplication1", "WebApplication1\WebApplication1.csproj", "{2528E821-496D-4465-A547-29F7512FE7BC}"
EndProject
Global
	GlobalSection(SolutionConfigurationPlatforms) = preSolution
		Debug|Any CPU = Debug|Any CPU
		Release|Any CPU = Release|Any CPU
	EndGlobalSection
	GlobalSection(ProjectConfigurationPlatforms) = postSolution
		{2528E821-496D-4465-A547-29F7512FE7BC}.Debug|Any CPU.ActiveCfg = Debug|Any CPU
		{2528E821-496D-4465-A547-29F7512FE7BC}.Debug|Any CPU.Build.0 = Debug|Any CPU
		{2528E821-496D-4465-A547-29F7512FE7BC}.Release|Any CPU.ActiveCfg = Release|Any CPU
		{2528E821-496D-4465-A547-29F7512FE7BC}.Release|Any CPU.Build.0 = Release|Any CPU
	EndGlobalSection
	GlobalSection(SolutionProperties) = preSolution
		HideSolutionNode = FALSE
	EndGlobalSection
	GlobalSection(ExtensibilityGlobals) = postSolution
		SolutionGuid = {9222E8F8-A956-4C52-B931-948A73A5AA07}
	EndGlobalSection
EndGlobal
