
Microsoft Visual Studio Solution File, Format Version 12.00
# Visual Studio Version 17
VisualStudioVersion = 17.11.35312.102
MinimumVisualStudioVersion = 10.0.40219.1
Project("{FAE04EC0-301F-11D3-BF4B-00C04F79EFBC}") = "daimend", "daimend\daimend.csproj", "{F7FC8A72-FBBE-4528-9884-3BD91E6834AD}"
EndProject
Global
	GlobalSection(SolutionConfigurationPlatforms) = preSolution
		Debug|Any CPU = Debug|Any CPU
		Release|Any CPU = Release|Any CPU
	EndGlobalSection
	GlobalSection(ProjectConfigurationPlatforms) = postSolution
		{F7FC8A72-FBBE-4528-9884-3BD91E6834AD}.Debug|Any CPU.ActiveCfg = Debug|Any CPU
		{F7FC8A72-FBBE-4528-9884-3BD91E6834AD}.Debug|Any CPU.Build.0 = Debug|Any CPU
		{F7FC8A72-FBBE-4528-9884-3BD91E6834AD}.Release|Any CPU.ActiveCfg = Release|Any CPU
		{F7FC8A72-FBBE-4528-9884-3BD91E6834AD}.Release|Any CPU.Build.0 = Release|Any CPU
	EndGlobalSection
	GlobalSection(SolutionProperties) = preSolution
		HideSolutionNode = FALSE
	EndGlobalSection
	GlobalSection(ExtensibilityGlobals) = postSolution
		SolutionGuid = {3CE9FE17-777C-41AD-B1BE-03CC06650701}
	EndGlobalSection
EndGlobal
