
Microsoft Visual Studio Solution File, Format Version 12.00
# Visual Studio Version 17
VisualStudioVersion = 17.11.35312.102
MinimumVisualStudioVersion = 10.0.40219.1
Project("{FAE04EC0-301F-11D3-BF4B-00C04F79EFBC}") = "ConsoleApp2", "ConsoleApp2\ConsoleApp2.csproj", "{1DAAF8A6-8D98-4792-AB6E-B3DC3B968A0E}"
EndProject
Global
	GlobalSection(SolutionConfigurationPlatforms) = preSolution
		Debug|Any CPU = Debug|Any CPU
		Release|Any CPU = Release|Any CPU
	EndGlobalSection
	GlobalSection(ProjectConfigurationPlatforms) = postSolution
		{1DAAF8A6-8D98-4792-AB6E-B3DC3B968A0E}.Debug|Any CPU.ActiveCfg = Debug|Any CPU
		{1DAAF8A6-8D98-4792-AB6E-B3DC3B968A0E}.Debug|Any CPU.Build.0 = Debug|Any CPU
		{1DAAF8A6-8D98-4792-AB6E-B3DC3B968A0E}.Release|Any CPU.ActiveCfg = Release|Any CPU
		{1DAAF8A6-8D98-4792-AB6E-B3DC3B968A0E}.Release|Any CPU.Build.0 = Release|Any CPU
	EndGlobalSection
	GlobalSection(SolutionProperties) = preSolution
		HideSolutionNode = FALSE
	EndGlobalSection
	GlobalSection(ExtensibilityGlobals) = postSolution
		SolutionGuid = {62F5FBAD-4954-42EA-95E7-1F0D9ACD6184}
	EndGlobalSection
EndGlobal
