
Microsoft Visual Studio Solution File, Format Version 12.00
# Visual Studio Version 17
VisualStudioVersion = 17.11.35312.102
MinimumVisualStudioVersion = 10.0.40219.1
Project("{FAE04EC0-301F-11D3-BF4B-00C04F79EFBC}") = "ConsoleApp3", "ConsoleApp3\ConsoleApp3.csproj", "{742F6AE6-AC10-48BF-84F1-9BC4B27819E8}"
EndProject
Global
	GlobalSection(SolutionConfigurationPlatforms) = preSolution
		Debug|Any CPU = Debug|Any CPU
		Release|Any CPU = Release|Any CPU
	EndGlobalSection
	GlobalSection(ProjectConfigurationPlatforms) = postSolution
		{742F6AE6-AC10-48BF-84F1-9BC4B27819E8}.Debug|Any CPU.ActiveCfg = Debug|Any CPU
		{742F6AE6-AC10-48BF-84F1-9BC4B27819E8}.Debug|Any CPU.Build.0 = Debug|Any CPU
		{742F6AE6-AC10-48BF-84F1-9BC4B27819E8}.Release|Any CPU.ActiveCfg = Release|Any CPU
		{742F6AE6-AC10-48BF-84F1-9BC4B27819E8}.Release|Any CPU.Build.0 = Release|Any CPU
	EndGlobalSection
	GlobalSection(SolutionProperties) = preSolution
		HideSolutionNode = FALSE
	EndGlobalSection
	GlobalSection(ExtensibilityGlobals) = postSolution
		SolutionGuid = {E30B3043-536E-4602-9313-5F59D80A3013}
	EndGlobalSection
EndGlobal
