
Microsoft Visual Studio Solution File, Format Version 12.00
# Visual Studio Version 17
VisualStudioVersion = 17.11.35312.102
MinimumVisualStudioVersion = 10.0.40219.1
Project("{FAE04EC0-301F-11D3-BF4B-00C04F79EFBC}") = "WebApplication1", "WebApplication1\WebApplication1.csproj", "{CFC1E529-10BB-4A66-821C-E3412D6A40C0}"
EndProject
Global
	GlobalSection(SolutionConfigurationPlatforms) = preSolution
		Debug|Any CPU = Debug|Any CPU
		Release|Any CPU = Release|Any CPU
	EndGlobalSection
	GlobalSection(ProjectConfigurationPlatforms) = postSolution
		{CFC1E529-10BB-4A66-821C-E3412D6A40C0}.Debug|Any CPU.ActiveCfg = Debug|Any CPU
		{CFC1E529-10BB-4A66-821C-E3412D6A40C0}.Debug|Any CPU.Build.0 = Debug|Any CPU
		{CFC1E529-10BB-4A66-821C-E3412D6A40C0}.Release|Any CPU.ActiveCfg = Release|Any CPU
		{CFC1E529-10BB-4A66-821C-E3412D6A40C0}.Release|Any CPU.Build.0 = Release|Any CPU
	EndGlobalSection
	GlobalSection(SolutionProperties) = preSolution
		HideSolutionNode = FALSE
	EndGlobalSection
	GlobalSection(ExtensibilityGlobals) = postSolution
		SolutionGuid = {2CABEF3C-4ED2-486B-B3D0-5AA6862BDF91}
	EndGlobalSection
EndGlobal
