
Microsoft Visual Studio Solution File, Format Version 12.00
# Visual Studio Version 17
VisualStudioVersion = 17.11.35312.102
MinimumVisualStudioVersion = 10.0.40219.1
Project("{FAE04EC0-301F-11D3-BF4B-00C04F79EFBC}") = "prime", "prime\prime.csproj", "{A7A905B5-1F84-4CFA-95FA-8FEF611C6614}"
EndProject
Global
	GlobalSection(SolutionConfigurationPlatforms) = preSolution
		Debug|Any CPU = Debug|Any CPU
		Release|Any CPU = Release|Any CPU
	EndGlobalSection
	GlobalSection(ProjectConfigurationPlatforms) = postSolution
		{A7A905B5-1F84-4CFA-95FA-8FEF611C6614}.Debug|Any CPU.ActiveCfg = Debug|Any CPU
		{A7A905B5-1F84-4CFA-95FA-8FEF611C6614}.Debug|Any CPU.Build.0 = Debug|Any CPU
		{A7A905B5-1F84-4CFA-95FA-8FEF611C6614}.Release|Any CPU.ActiveCfg = Release|Any CPU
		{A7A905B5-1F84-4CFA-95FA-8FEF611C6614}.Release|Any CPU.Build.0 = Release|Any CPU
	EndGlobalSection
	GlobalSection(SolutionProperties) = preSolution
		HideSolutionNode = FALSE
	EndGlobalSection
	GlobalSection(ExtensibilityGlobals) = postSolution
		SolutionGuid = {DC54CB53-1FC1-4D27-854A-5E5ADB2C9998}
	EndGlobalSection
EndGlobal
