
Microsoft Visual Studio Solution File, Format Version 12.00
# Visual Studio Version 17
VisualStudioVersion = 17.11.35312.102
MinimumVisualStudioVersion = 10.0.40219.1
Project("{FAE04EC0-301F-11D3-BF4B-00C04F79EFBC}") = "database", "database\database.csproj", "{A0BE91EF-4B20-4B5E-AAA8-840BCD3C08D6}"
EndProject
Global
	GlobalSection(SolutionConfigurationPlatforms) = preSolution
		Debug|Any CPU = Debug|Any CPU
		Release|Any CPU = Release|Any CPU
	EndGlobalSection
	GlobalSection(ProjectConfigurationPlatforms) = postSolution
		{A0BE91EF-4B20-4B5E-AAA8-840BCD3C08D6}.Debug|Any CPU.ActiveCfg = Debug|Any CPU
		{A0BE91EF-4B20-4B5E-AAA8-840BCD3C08D6}.Debug|Any CPU.Build.0 = Debug|Any CPU
		{A0BE91EF-4B20-4B5E-AAA8-840BCD3C08D6}.Release|Any CPU.ActiveCfg = Release|Any CPU
		{A0BE91EF-4B20-4B5E-AAA8-840BCD3C08D6}.Release|Any CPU.Build.0 = Release|Any CPU
	EndGlobalSection
	GlobalSection(SolutionProperties) = preSolution
		HideSolutionNode = FALSE
	EndGlobalSection
	GlobalSection(ExtensibilityGlobals) = postSolution
		SolutionGuid = {BA9A8973-6E0F-4AEC-9F56-556F95759573}
	EndGlobalSection
EndGlobal
