
Microsoft Visual Studio Solution File, Format Version 12.00
# Visual Studio Version 17
VisualStudioVersion = 17.11.35312.102
MinimumVisualStudioVersion = 10.0.40219.1
Project("{FAE04EC0-301F-11D3-BF4B-00C04F79EFBC}") = "animals", "animals\animals.csproj", "{0F343904-54CE-418B-B321-E2EE6A8ACFC7}"
EndProject
Global
	GlobalSection(SolutionConfigurationPlatforms) = preSolution
		Debug|Any CPU = Debug|Any CPU
		Release|Any CPU = Release|Any CPU
	EndGlobalSection
	GlobalSection(ProjectConfigurationPlatforms) = postSolution
		{0F343904-54CE-418B-B321-E2EE6A8ACFC7}.Debug|Any CPU.ActiveCfg = Debug|Any CPU
		{0F343904-54CE-418B-B321-E2EE6A8ACFC7}.Debug|Any CPU.Build.0 = Debug|Any CPU
		{0F343904-54CE-418B-B321-E2EE6A8ACFC7}.Release|Any CPU.ActiveCfg = Release|Any CPU
		{0F343904-54CE-418B-B321-E2EE6A8ACFC7}.Release|Any CPU.Build.0 = Release|Any CPU
	EndGlobalSection
	GlobalSection(SolutionProperties) = preSolution
		HideSolutionNode = FALSE
	EndGlobalSection
	GlobalSection(ExtensibilityGlobals) = postSolution
		SolutionGuid = {0F861D89-C2E7-4451-A93C-7920EBECE90C}
	EndGlobalSection
EndGlobal
