
Microsoft Visual Studio Solution File, Format Version 12.00
# Visual Studio Version 17
VisualStudioVersion = 17.11.35312.102
MinimumVisualStudioVersion = 10.0.40219.1
Project("{FAE04EC0-301F-11D3-BF4B-00C04F79EFBC}") = "datadapter", "datadapter\datadapter.csproj", "{5A523A4D-025B-43F3-A953-F8EEB820300C}"
EndProject
Global
	GlobalSection(SolutionConfigurationPlatforms) = preSolution
		Debug|Any CPU = Debug|Any CPU
		Release|Any CPU = Release|Any CPU
	EndGlobalSection
	GlobalSection(ProjectConfigurationPlatforms) = postSolution
		{5A523A4D-025B-43F3-A953-F8EEB820300C}.Debug|Any CPU.ActiveCfg = Debug|Any CPU
		{5A523A4D-025B-43F3-A953-F8EEB820300C}.Debug|Any CPU.Build.0 = Debug|Any CPU
		{5A523A4D-025B-43F3-A953-F8EEB820300C}.Release|Any CPU.ActiveCfg = Release|Any CPU
		{5A523A4D-025B-43F3-A953-F8EEB820300C}.Release|Any CPU.Build.0 = Release|Any CPU
	EndGlobalSection
	GlobalSection(SolutionProperties) = preSolution
		HideSolutionNode = FALSE
	EndGlobalSection
	GlobalSection(ExtensibilityGlobals) = postSolution
		SolutionGuid = {CC2C8639-4BED-4C20-B55A-93524DECDBEC}
	EndGlobalSection
EndGlobal
