
Microsoft Visual Studio Solution File, Format Version 12.00
# Visual Studio Version 17
VisualStudioVersion = 17.11.35312.102
MinimumVisualStudioVersion = 10.0.40219.1
Project("{FAE04EC0-301F-11D3-BF4B-00C04F79EFBC}") = "RelationShip", "RelationShip\RelationShip.csproj", "{ED23BD25-ABFA-47AF-9FF4-F80D3F07FE15}"
EndProject
Global
	GlobalSection(SolutionConfigurationPlatforms) = preSolution
		Debug|Any CPU = Debug|Any CPU
		Release|Any CPU = Release|Any CPU
	EndGlobalSection
	GlobalSection(ProjectConfigurationPlatforms) = postSolution
		{ED23BD25-ABFA-47AF-9FF4-F80D3F07FE15}.Debug|Any CPU.ActiveCfg = Debug|Any CPU
		{ED23BD25-ABFA-47AF-9FF4-F80D3F07FE15}.Debug|Any CPU.Build.0 = Debug|Any CPU
		{ED23BD25-ABFA-47AF-9FF4-F80D3F07FE15}.Release|Any CPU.ActiveCfg = Release|Any CPU
		{ED23BD25-ABFA-47AF-9FF4-F80D3F07FE15}.Release|Any CPU.Build.0 = Release|Any CPU
	EndGlobalSection
	GlobalSection(SolutionProperties) = preSolution
		HideSolutionNode = FALSE
	EndGlobalSection
	GlobalSection(ExtensibilityGlobals) = postSolution
		SolutionGuid = {75DA3DCE-7918-4292-9030-4EED7E47D341}
	EndGlobalSection
EndGlobal
